{
 "graph_lock": {
  "nodes": {
   "0": {
    "options": "ade:fPIC=True\ndlib:fPIC=True\ndlib:shared=False\ndlib:with_avx=False\ndlib:with_gif=True\ndlib:with_jpeg=True\ndlib:with_openblas=True\ndlib:with_png=True\ndlib:with_sqlite3=True\ndlib:with_sse2=auto\ndlib:with_sse4=False\ndlib:with_webp=True\neigen:MPL2_only=False\ngiflib:fPIC=True\ngiflib:shared=False\ngiflib:utils=True\njasper:fPIC=True\njasper:shared=False\njasper:with_libjpeg=libjpeg\njbig:build_executables=True\njbig:fPIC=True\njbig:shared=False\nlibdeflate:fPIC=True\nlibdeflate:shared=False\nlibjpeg:fPIC=True\nlibjpeg:shared=False\nlibpng:api_prefix=\nlibpng:fPIC=True\nlibpng:shared=False\nlibpng:sse=True\nlibtiff:cxx=True\nlibtiff:fPIC=True\nlibtiff:jbig=True\nlibtiff:jpeg=libjpeg\nlibtiff:libdeflate=True\nlibtiff:lzma=True\nlibtiff:shared=False\nlibtiff:webp=True\nlibtiff:zlib=True\nlibtiff:zstd=True\nlibwebp:fPIC=True\nlibwebp:near_lossless=True\nlibwebp:shared=False\nlibwebp:swap_16bit_csp=False\nlibwebp:with_simd=True\nopenblas:build_lapack=False\nopenblas:dynamic_arch=False\nopenblas:fPIC=True\nopenblas:shared=False\nopenblas:use_thread=True\nopencv:contrib=True\nopencv:contrib_freetype=False\nopencv:contrib_sfm=False\nopencv:cpu_baseline=SSE2\nopencv:cpu_dispatch=None\nopencv:dnn=True\nopencv:fPIC=True\nopencv:nonfree=False\nopencv:parallel=False\nopencv:shared=False\nopencv:with_ade=True\nopencv:with_cuda=False\nopencv:with_eigen=True\nopencv:with_ffmpeg=False\nopencv:with_imgcodec_hdr=False\nopencv:with_imgcodec_pfm=False\nopencv:with_imgcodec_pxm=False\nopencv:with_imgcodec_sunraster=False\nopencv:with_ipp=False\nopencv:with_jpeg=libjpeg\nopencv:with_jpeg2000=jasper\nopencv:with_openexr=True\nopencv:with_png=True\nopencv:with_quirc=True\nopencv:with_tiff=True\nopencv:with_webp=True\nopenexr:fPIC=True\nopenexr:shared=False\nprotobuf:debug_suffix=True\nprotobuf:fPIC=True\nprotobuf:lite=False\nprotobuf:shared=False\nprotobuf:with_rtti=True\nprotobuf:with_zlib=True\nquirc:fPIC=True\nquirc:max_regions=254\nquirc:shared=False\nsqlite3:build_executable=True\nsqlite3:disable_gethostuuid=False\nsqlite3:enable_column_metadata=True\nsqlite3:enable_dbpage_vtab=False\nsqlite3:enable_dbstat_vtab=False\nsqlite3:enable_default_secure_delete=False\nsqlite3:enable_default_vfs=True\nsqlite3:enable_explain_comments=False\nsqlite3:enable_fts3=False\nsqlite3:enable_fts3_parenthesis=False\nsqlite3:enable_fts4=False\nsqlite3:enable_fts5=False\nsqlite3:enable_json1=False\nsqlite3:enable_math_functions=True\nsqlite3:enable_preupdate_hook=False\nsqlite3:enable_rtree=True\nsqlite3:enable_soundex=False\nsqlite3:enable_unlock_notify=True\nsqlite3:fPIC=True\nsqlite3:max_blob_size=None\nsqlite3:max_column=None\nsqlite3:max_variable_number=None\nsqlite3:omit_deprecated=False\nsqlite3:omit_load_extension=False\nsqlite3:shared=False\nsqlite3:threadsafe=1\nsqlite3:use_alloca=False\nxz_utils:fPIC=True\nxz_utils:shared=False\nzlib:fPIC=True\nzlib:shared=False\nzstd:fPIC=True\nzstd:shared=False\nzstd:threading=True",
    "requires": [
     "1",
     "17"
    ],
    "build_requires": [
     "21"
    ],
    "path": "conanfile.py",
    "context": "host"
   },
   "1": {
    "ref": "opencv/4.5.5",
    "options": "contrib=True\ncontrib_freetype=False\ncontrib_sfm=False\ncpu_baseline=SSE2\ncpu_dispatch=None\ndnn=True\nfPIC=True\nnonfree=False\nparallel=False\nshared=False\nwith_ade=True\nwith_cuda=False\nwith_eigen=True\nwith_ffmpeg=False\nwith_imgcodec_hdr=False\nwith_imgcodec_pfm=False\nwith_imgcodec_pxm=False\nwith_imgcodec_sunraster=False\nwith_ipp=False\nwith_jpeg=libjpeg\nwith_jpeg2000=jasper\nwith_openexr=True\nwith_png=True\nwith_quirc=True\nwith_tiff=True\nwith_webp=True\nade:fPIC=True\neigen:MPL2_only=False\njasper:fPIC=True\njasper:shared=False\njasper:with_libjpeg=libjpeg\njbig:build_executables=True\njbig:fPIC=True\njbig:shared=False\nlibdeflate:fPIC=True\nlibdeflate:shared=False\nlibjpeg:fPIC=True\nlibjpeg:shared=False\nlibpng:api_prefix=\nlibpng:fPIC=True\nlibpng:shared=False\nlibpng:sse=True\nlibtiff:cxx=True\nlibtiff:fPIC=True\nlibtiff:jbig=True\nlibtiff:jpeg=libjpeg\nlibtiff:libdeflate=True\nlibtiff:lzma=True\nlibtiff:shared=False\nlibtiff:webp=True\nlibtiff:zlib=True\nlibtiff:zstd=True\nlibwebp:fPIC=True\nlibwebp:near_lossless=True\nlibwebp:shared=False\nlibwebp:swap_16bit_csp=False\nlibwebp:with_simd=True\nopenexr:fPIC=True\nopenexr:shared=False\nprotobuf:debug_suffix=True\nprotobuf:fPIC=True\nprotobuf:lite=False\nprotobuf:shared=False\nprotobuf:with_rtti=True\nprotobuf:with_zlib=True\nquirc:fPIC=True\nquirc:max_regions=254\nquirc:shared=False\nxz_utils:fPIC=True\nxz_utils:shared=False\nzlib:fPIC=True\nzlib:shared=False\nzstd:fPIC=True\nzstd:shared=False\nzstd:threading=True",
    "package_id": "675192b2bd366d21405e88c4adffca8d6886104e",
    "prev": "0",
    "requires": [
     "2",
     "3",
     "4",
     "5",
     "6",
     "7",
     "13",
     "12",
     "14",
     "15",
     "16"
    ],
    "context": "host"
   },
   "2": {
    "ref": "zlib/1.2.12",
    "options": "fPIC=True\nshared=False",
    "package_id": "deff546af87401b558d0514205987d78de43cd78",
    "prev": "0",
    "context": "host"
   },
   "3": {
    "ref": "libjpeg/9d",
    "options": "fPIC=True\nshared=False",
    "package_id": "deff546af87401b558d0514205987d78de43cd78",
    "prev": "0",
    "context": "host"
   },
   "4": {
    "ref": "jasper/2.0.33",
    "options": "fPIC=True\nshared=False\nwith_libjpeg=libjpeg\nlibjpeg:fPIC=True\nlibjpeg:shared=False",
    "package_id": "ea271747d599fb9edba70c1f28814e9b0b936cd2",
    "prev": "0",
    "requires": [
     "3"
    ],
    "context": "host"
   },
   "5": {
    "ref": "libpng/1.6.37",
    "options": "api_prefix=\nfPIC=True\nshared=False\nsse=True\nzlib:fPIC=True\nzlib:shared=False",
    "package_id": "5939ac858b3505cab3d24595ec82e404b21143aa",
    "prev": "0",
    "requires": [
     "2"
    ],
    "context": "host"
   },
   "6": {
    "ref": "openexr/2.5.7",
    "options": "fPIC=True\nshared=False\nzlib:fPIC=True\nzlib:shared=False",
    "package_id": "1e44c9546858ec246c108c4eed3b9f8489f463af",
    "prev": "0",
    "requires": [
     "2"
    ],
    "context": "host"
   },
   "7": {
    "ref": "libtiff/4.3.0",
    "options": "cxx=True\nfPIC=True\njbig=True\njpeg=libjpeg\nlibdeflate=True\nlzma=True\nshared=False\nwebp=True\nzlib=True\nzstd=True\njbig:build_executables=True\njbig:fPIC=True\njbig:shared=False\nlibdeflate:fPIC=True\nlibdeflate:shared=False\nlibjpeg:fPIC=True\nlibjpeg:shared=False\nlibwebp:fPIC=True\nlibwebp:near_lossless=True\nlibwebp:shared=False\nlibwebp:swap_16bit_csp=False\nlibwebp:with_simd=True\nxz_utils:fPIC=True\nxz_utils:shared=False\nzlib:fPIC=True\nzlib:shared=False\nzstd:fPIC=True\nzstd:shared=False\nzstd:threading=True",
    "package_id": "73ff0ea92005fdd12575b2c8949fba99dba350af",
    "prev": "0",
    "requires": [
     "2",
     "8",
     "9",
     "3",
     "10",
     "11",
     "12"
    ],
    "context": "host"
   },
   "8": {
    "ref": "libdeflate/1.12",
    "options": "fPIC=True\nshared=False",
    "package_id": "deff546af87401b558d0514205987d78de43cd78",
    "prev": "0",
    "context": "host"
   },
   "9": {
    "ref": "xz_utils/5.2.5",
    "options": "fPIC=True\nshared=False",
    "package_id": "deff546af87401b558d0514205987d78de43cd78",
    "prev": "0",
    "context": "host"
   },
   "10": {
    "ref": "jbig/20160605",
    "options": "build_executables=True\nfPIC=True\nshared=False",
    "package_id": "4f1e50280abb925ba687d8e1aa5f0e7d952be4ba",
    "prev": "0",
    "context": "host"
   },
   "11": {
    "ref": "zstd/1.5.2",
    "options": "fPIC=True\nshared=False\nthreading=True",
    "package_id": "dbe5bbf97d622ff654011cfae0ddf1ef33adb08b",
    "prev": "0",
    "context": "host"
   },
   "12": {
    "ref": "libwebp/1.2.2",
    "options": "fPIC=True\nnear_lossless=True\nshared=False\nswap_16bit_csp=False\nwith_simd=True",
    "package_id": "2c21ebb5b839c34b91855a2c2798a76d3255a464",
    "prev": "0",
    "context": "host"
   },
   "13": {
    "ref": "eigen/3.3.9",
    "options": "MPL2_only=False",
    "package_id": "5ab84d6acfe1f23c4fae0ab88f26e3a396351ac9",
    "prev": "0",
    "context": "host"
   },
   "14": {
    "ref": "quirc/1.1",
    "options": "fPIC=True\nmax_regions=254\nshared=False",
    "package_id": "2d6bb3676e6c295e414c32e7179b2a083a79d39c",
    "prev": "0",
    "context": "host"
   },
   "15": {
    "ref": "protobuf/3.17.1",
    "options": "debug_suffix=True\nfPIC=True\nlite=False\nshared=False\nwith_rtti=True\nwith_zlib=True\nzlib:fPIC=True\nzlib:shared=False",
    "package_id": "a14600f0f9bb66df03f6a75617de84ab126609a1",
    "prev": "0",
    "requires": [
     "2"
    ],
    "context": "host"
   },
   "16": {
    "ref": "ade/0.1.1f",
    "options": "fPIC=True",
    "package_id": "bae13b553097dcbf04bb7f6df3e5fa8e8c66ef15",
    "prev": "0",
    "context": "host"
   },
   "17": {
    "ref": "dlib/19.24",
    "options": "fPIC=True\nshared=False\nwith_avx=False\nwith_gif=True\nwith_jpeg=True\nwith_openblas=True\nwith_png=True\nwith_sqlite3=True\nwith_sse2=auto\nwith_sse4=False\nwith_webp=True\ngiflib:fPIC=True\ngiflib:shared=False\ngiflib:utils=True\nlibjpeg:fPIC=True\nlibjpeg:shared=False\nlibpng:api_prefix=\nlibpng:fPIC=True\nlibpng:shared=False\nlibpng:sse=True\nlibwebp:fPIC=True\nlibwebp:near_lossless=True\nlibwebp:shared=False\nlibwebp:swap_16bit_csp=False\nlibwebp:with_simd=True\nopenblas:build_lapack=False\nopenblas:dynamic_arch=False\nopenblas:fPIC=True\nopenblas:shared=False\nopenblas:use_thread=True\nsqlite3:build_executable=True\nsqlite3:disable_gethostuuid=False\nsqlite3:enable_column_metadata=True\nsqlite3:enable_dbpage_vtab=False\nsqlite3:enable_dbstat_vtab=False\nsqlite3:enable_default_secure_delete=False\nsqlite3:enable_default_vfs=True\nsqlite3:enable_explain_comments=False\nsqlite3:enable_fts3=False\nsqlite3:enable_fts3_parenthesis=False\nsqlite3:enable_fts4=False\nsqlite3:enable_fts5=False\nsqlite3:enable_json1=False\nsqlite3:enable_math_functions=True\nsqlite3:enable_preupdate_hook=False\nsqlite3:enable_rtree=True\nsqlite3:enable_soundex=False\nsqlite3:enable_unlock_notify=True\nsqlite3:fPIC=True\nsqlite3:max_blob_size=None\nsqlite3:max_column=None\nsqlite3:max_variable_number=None\nsqlite3:omit_deprecated=False\nsqlite3:omit_load_extension=False\nsqlite3:shared=False\nsqlite3:threadsafe=1\nsqlite3:use_alloca=False\nzlib:fPIC=True\nzlib:shared=False",
    "package_id": "112d519d02c91103e5606c155feac860f117c9d7",
    "prev": "0",
    "requires": [
     "18",
     "3",
     "5",
     "12",
     "19",
     "20"
    ],
    "context": "host"
   },
   "18": {
    "ref": "giflib/5.2.1",
    "options": "fPIC=True\nshared=False\nutils=True",
    "package_id": "606388d5ad15ac5cb39689eafe5589819619812d",
    "prev": "0",
    "context": "host"
   },
   "19": {
    "ref": "sqlite3/3.38.5",
    "options": "build_executable=True\ndisable_gethostuuid=False\nenable_column_metadata=True\nenable_dbpage_vtab=False\nenable_dbstat_vtab=False\nenable_default_secure_delete=False\nenable_default_vfs=True\nenable_explain_comments=False\nenable_fts3=False\nenable_fts3_parenthesis=False\nenable_fts4=False\nenable_fts5=False\nenable_json1=False\nenable_math_functions=True\nenable_preupdate_hook=False\nenable_rtree=True\nenable_soundex=False\nenable_unlock_notify=True\nfPIC=True\nmax_blob_size=None\nmax_column=None\nmax_variable_number=None\nomit_deprecated=False\nomit_load_extension=False\nshared=False\nthreadsafe=1\nuse_alloca=False",
    "package_id": "98af28546751a51843ed61a020a36b6aac8d234b",
    "prev": "0",
    "context": "host"
   },
   "20": {
    "ref": "openblas/0.3.17",
    "options": "build_lapack=False\ndynamic_arch=False\nfPIC=True\nshared=False\nuse_thread=True",
    "package_id": "0bd662deda863e1fb0749595ea9a7e8cfc767137",
    "prev": "0",
    "context": "host"
   },
   "21": {
    "ref": "pkgconf/1.7.4",
    "options": "enable_lib=False",
    "package_id": "801752c0480319b8e090188c566245a78e9abcf4",
    "prev": "0",
    "context": "host"
   }
  },
  "revisions_enabled": false
 },
 "version": "0.4",
 "profile_host": "[settings]\narch=x86_64\narch_build=x86_64\nbuild_type=Release\ncompiler=clang\ncompiler.cppstd=11\ncompiler.libcxx=libc++\ncompiler.version=14\nos=Macos\nos_build=Macos\n[options]\n[build_requires]\n[env]\n"
}